# This file is automatically @generated by Poetry 2.3.2 and should not be changed by hand.

[[package]]
name = "pymupdf"
version = "1.27.2.2"
description = "A high performance Python library for data extraction, analysis, conversion & manipulation of PDF (and other) documents."
optional = false
python-versions = ">=3.10"
groups = ["main"]
files = [
    {file = "pymupdf-1.27.2.2-cp310-abi3-macosx_10_9_x86_64.whl", hash = "sha256:800f43e60a6f01f644343c2213b8613db02eaf4f4ba235b417b3351fa99e01c0"},
    {file = "pymupdf-1.27.2.2-cp310-abi3-macosx_11_0_arm64.whl", hash = "sha256:8e2e4299ef1ac0c9dff9be096cbd22783699673abecfa7c3f73173ae06421d73"},
    {file = "pymupdf-1.27.2.2-cp310-abi3-manylinux_2_28_aarch64.whl", hash = "sha256:c5e3d54922db1c7da844f1208ac1db05704770988752311f81dd36694ae0a07b"},
    {file = "pymupdf-1.27.2.2-cp310-abi3-manylinux_2_28_x86_64.whl", hash = "sha256:892698c9768457eb0991c102c96a856c0a7062539371df5e6bee0816f3ef498e"},
    {file = "pymupdf-1.27.2.2-cp310-abi3-musllinux_1_2_x86_64.whl", hash = "sha256:8b4bbfa6ef347fade678771a93f6364971c51a2cdc44cd2400dc4eeed1ddb4e6"},
    {file = "pymupdf-1.27.2.2-cp310-abi3-win32.whl", hash = "sha256:0b8e924433b7e0bd46be820899300259235997d5a747638471fb2762baa8ee30"},
    {file = "pymupdf-1.27.2.2-cp310-abi3-win_amd64.whl", hash = "sha256:09bb53f9486ccb5297030cbc2dbdae845ba1c3c5126e96eb2d16c4f118de0b5b"},
    {file = "pymupdf-1.27.2.2-cp314-cp314t-manylinux_2_28_x86_64.whl", hash = "sha256:6cebfbbdfd219ebdebf4d8e3914624b2e3d3a844c43f4f76935822dd9b13cc12"},
    {file = "pymupdf-1.27.2.2.tar.gz", hash = "sha256:ea8fdc3ab6671ca98f629d5ec3032d662c8cf1796b146996b7ad306ac7ed3335"},
]

[[package]]
name = "python-dotenv"
version = "1.2.2"
description = "Read key-value pairs from a .env file and set them as environment variables"
optional = false
python-versions = ">=3.10"
groups = ["main"]
files = [
    {file = "python_dotenv-1.2.2-py3-none-any.whl", hash = "sha256:1d8214789a24de455a8b8bd8ae6fe3c6b69a5e3d64aa8a8e5d68e694bbcb285a"},
    {file = "python_dotenv-1.2.2.tar.gz", hash = "sha256:2c371a91fbd7ba082c2c1dc1f8bf89ca22564a087c2c287cd9b662adde799cf3"},
]

[package.extras]
cli = ["click (>=5.0)"]

[metadata]
lock-version = "2.1"
python-versions = "^3.12"
content-hash = "a3ffd6d06d026059a223b20b738889738c786f4787bdc34006917739babb6fae"
